
Microsoft Visual Studio Solution File, Format Version 12.00
# Visual Studio Version 16
VisualStudioVersion = 16.0.31729.503
MinimumVisualStudioVersion = 10.0.40219.1
Project("{FAE04EC0-301F-11D3-BF4B-00C04F79EFBC}") = "DevIO.UI.Site", "src\DevIO.UI.Site\DevIO.UI.Site.csproj", "{7754ABE8-A43B-4EFB-8B9E-014AA3E8C08B}"
EndProject
Global
	GlobalSection(SolutionConfigurationPlatforms) = preSolution
		Debug|Any CPU = Debug|Any CPU
		Release|Any CPU = Release|Any CPU
	EndGlobalSection
	GlobalSection(ProjectConfigurationPlatforms) = postSolution
		{7754ABE8-A43B-4EFB-8B9E-014AA3E8C08B}.Debug|Any CPU.ActiveCfg = Debug|Any CPU
		{7754ABE8-A43B-4EFB-8B9E-014AA3E8C08B}.Debug|Any CPU.Build.0 = Debug|Any CPU
		{7754ABE8-A43B-4EFB-8B9E-014AA3E8C08B}.Release|Any CPU.ActiveCfg = Release|Any CPU
		{7754ABE8-A43B-4EFB-8B9E-014AA3E8C08B}.Release|Any CPU.Build.0 = Release|Any CPU
	EndGlobalSection
	GlobalSection(SolutionProperties) = preSolution
		HideSolutionNode = FALSE
	EndGlobalSection
	GlobalSection(ExtensibilityGlobals) = postSolution
		SolutionGuid = {7639D031-2722-4BF1-B930-7B95B75CE7CE}
	EndGlobalSection
EndGlobal
